
Microsoft Visual Studio Solution File, Format Version 12.00
# Visual Studio Version 17
VisualStudioVersion = 17.5.002.0
MinimumVisualStudioVersion = 10.0.40219.1
Project("{9A19103F-16F7-4668-BE54-9A1E7A4F7556}") = "CapG", "CapG.csproj", "{CDAF562C-0595-4D85-91CE-4BF33930D50C}"
EndProject
Global
	GlobalSection(SolutionConfigurationPlatforms) = preSolution
		Debug|Any CPU = Debug|Any CPU
		Release|Any CPU = Release|Any CPU
	EndGlobalSection
	GlobalSection(ProjectConfigurationPlatforms) = postSolution
		{CDAF562C-0595-4D85-91CE-4BF33930D50C}.Debug|Any CPU.ActiveCfg = Debug|Any CPU
		{CDAF562C-0595-4D85-91CE-4BF33930D50C}.Debug|Any CPU.Build.0 = Debug|Any CPU
		{CDAF562C-0595-4D85-91CE-4BF33930D50C}.Release|Any CPU.ActiveCfg = Release|Any CPU
		{CDAF562C-0595-4D85-91CE-4BF33930D50C}.Release|Any CPU.Build.0 = Release|Any CPU
	EndGlobalSection
	GlobalSection(SolutionProperties) = preSolution
		HideSolutionNode = FALSE
	EndGlobalSection
	GlobalSection(ExtensibilityGlobals) = postSolution
		SolutionGuid = {D330DB25-52CA-4800-9D34-69A8946253A8}
	EndGlobalSection
EndGlobal
